
Microsoft Visual Studio Solution File, Format Version 12.00
# Visual Studio Version 16
VisualStudioVersion = 16.0.30804.86
MinimumVisualStudioVersion = 10.0.40219.1
Project("{FAE04EC0-301F-11D3-BF4B-00C04F79EFBC}") = "PG Ausweisgen", "PG Ausweisgen.csproj", "{60AD909D-4B51-48D1-B8CD-5480682579FF}"
EndProject
Global
	GlobalSection(SolutionConfigurationPlatforms) = preSolution
		Debug|Any CPU = Debug|Any CPU
		Release|Any CPU = Release|Any CPU
	EndGlobalSection
	GlobalSection(ProjectConfigurationPlatforms) = postSolution
		{60AD909D-4B51-48D1-B8CD-5480682579FF}.Debug|Any CPU.ActiveCfg = Debug|Any CPU
		{60AD909D-4B51-48D1-B8CD-5480682579FF}.Debug|Any CPU.Build.0 = Debug|Any CPU
		{60AD909D-4B51-48D1-B8CD-5480682579FF}.Release|Any CPU.ActiveCfg = Release|Any CPU
		{60AD909D-4B51-48D1-B8CD-5480682579FF}.Release|Any CPU.Build.0 = Release|Any CPU
	EndGlobalSection
	GlobalSection(SolutionProperties) = preSolution
		HideSolutionNode = FALSE
	EndGlobalSection
	GlobalSection(ExtensibilityGlobals) = postSolution
		SolutionGuid = {EE4E6788-020F-4020-8DFB-CA7C95891E59}
	EndGlobalSection
EndGlobal
